
Microsoft Visual Studio Solution File, Format Version 12.00
# Visual Studio Version 17
VisualStudioVersion = 17.4.33213.308
MinimumVisualStudioVersion = 10.0.40219.1
Project("{FAE04EC0-301F-11D3-BF4B-00C04F79EFBC}") = "Lab3 Abstract", "Lab3 Abstract\Lab3 Abstract.csproj", "{FD8FC75A-2A04-4CAB-8A3F-DEF2BF27B193}"
EndProject
Project("{FAE04EC0-301F-11D3-BF4B-00C04F79EFBC}") = "Lab3 Interfaces", "Lab3 Interfaces\Lab3 Interfaces.csproj", "{994A8A81-CA77-4B6B-A05A-390DD176F27B}"
EndProject
Global
	GlobalSection(SolutionConfigurationPlatforms) = preSolution
		Debug|Any CPU = Debug|Any CPU
		Release|Any CPU = Release|Any CPU
	EndGlobalSection
	GlobalSection(ProjectConfigurationPlatforms) = postSolution
		{FD8FC75A-2A04-4CAB-8A3F-DEF2BF27B193}.Debug|Any CPU.ActiveCfg = Debug|Any CPU
		{FD8FC75A-2A04-4CAB-8A3F-DEF2BF27B193}.Debug|Any CPU.Build.0 = Debug|Any CPU
		{FD8FC75A-2A04-4CAB-8A3F-DEF2BF27B193}.Release|Any CPU.ActiveCfg = Release|Any CPU
		{FD8FC75A-2A04-4CAB-8A3F-DEF2BF27B193}.Release|Any CPU.Build.0 = Release|Any CPU
		{994A8A81-CA77-4B6B-A05A-390DD176F27B}.Debug|Any CPU.ActiveCfg = Debug|Any CPU
		{994A8A81-CA77-4B6B-A05A-390DD176F27B}.Debug|Any CPU.Build.0 = Debug|Any CPU
		{994A8A81-CA77-4B6B-A05A-390DD176F27B}.Release|Any CPU.ActiveCfg = Release|Any CPU
		{994A8A81-CA77-4B6B-A05A-390DD176F27B}.Release|Any CPU.Build.0 = Release|Any CPU
	EndGlobalSection
	GlobalSection(SolutionProperties) = preSolution
		HideSolutionNode = FALSE
	EndGlobalSection
	GlobalSection(ExtensibilityGlobals) = postSolution
		SolutionGuid = {1FCB1819-593A-4042-A809-FB29A4C14410}
	EndGlobalSection
EndGlobal
